// !$*UTF8*$!
{
	archiveVersion = 1;
	classes = {
	};
	objectVersion = 46;
	objects = {

/* Begin PBXBuildFile section */
		C12FD89B1D92859800448187 /* AppDelegate.swift in Sources */ = {isa = PBXBuildFile; fileRef = C12FD89A1D92859800448187 /* AppDelegate.swift */; };
		C12FD89D1D92859800448187 /* ViewController.swift in Sources */ = {isa = PBXBuildFile; fileRef = C12FD89C1D92859800448187 /* ViewController.swift */; };
		C12FD8A01D92859800448187 /* Main.storyboard in Resources */ = {isa = PBXBuildFile; fileRef = C12FD89E1D92859800448187 /* Main.storyboard */; };
		C12FD8A21D92859800448187 /* Assets.xcassets in Resources */ = {isa = PBXBuildFile; fileRef = C12FD8A11D92859800448187 /* Assets.xcassets */; };
		C12FD8A51D92859800448187 /* LaunchScreen.storyboard in Resources */ = {isa = PBXBuildFile; fileRef = C12FD8A31D92859800448187 /* LaunchScreen.storyboard */; };
/* End PBXBuildFile section */

/* Begin PBXFileReference section */
		C12FD8971D92859800448187 /* ToDoCleanArchitecture.app */ = {isa = PBXFileReference; explicitFileType = wrapper.application; includeInIndex = 0; path = ToDoCleanArchitecture.app; sourceTree = BUILT_PRODUCTS_DIR; };
		C12FD89A1D92859800448187 /* AppDelegate.swift */ = {isa = PBXFileReference; lastKnownFileType = sourcecode.swift; path = AppDelegate.swift; sourceTree = "<group>"; };
		C12FD89C1D92859800448187 /* ViewController.swift */ = {isa = PBXFileReference; lastKnownFileType = sourcecode.swift; path = ViewController.swift; sourceTree = "<group>"; };
		C12FD89F1D92859800448187 /* Base */ = {isa = PBXFileReference; lastKnownFileType = file.storyboard; name = Base; path = Base.lproj/Main.storyboard; sourceTree = "<group>"; };
		C12FD8A11D92859800448187 /* Assets.xcassets */ = {isa = PBXFileReference; lastKnownFileType = folder.assetcatalog; path = Assets.xcassets; sourceTree = "<group>"; };
		C12FD8A41D92859800448187 /* Base */ = {isa = PBXFileReference; lastKnownFileType = file.storyboard; name = Base; path = Base.lproj/LaunchScreen.storyboard; sourceTree = "<group>"; };
		C12FD8A61D92859800448187 /* Info.plist */ = {isa = PBXFileReference; lastKnownFileType = text.plist.xml; path = Info.plist; sourceTree = "<group>"; };
/* End PBXFileReference section */

/* Begin PBXFrameworksBuildPhase section */
		C12FD8941D92859800448187 /* Frameworks */ = {
			isa = PBXFrameworksBuildPhase;
			buildActionMask = 2147483647;
			files = (
			);
			runOnlyForDeploymentPostprocessing = 0;
		};
/* End PBXFrameworksBuildPhase section */

/* Begin PBXGroup section */
		C12FD88E1D92859800448187 = {
			isa = PBXGroup;
			children = (
				C12FD8991D92859800448187 /* ToDoCleanArchitecture */,
				C12FD8981D92859800448187 /* Products */,
			);
			sourceTree = "<group>";
		};
		C12FD8981D92859800448187 /* Products */ = {
			isa = PBXGroup;
			children = (
				C12FD8971D92859800448187 /* ToDoCleanArchitecture.app */,
			);
			name = Products;
			sourceTree = "<group>";
		};
		C12FD8991D92859800448187 /* ToDoCleanArchitecture */ = {
			isa = PBXGroup;
			children = (
				C12FD89A1D92859800448187 /* AppDelegate.swift */,
				C12FD89C1D92859800448187 /* ViewController.swift */,
				C12FD89E1D92859800448187 /* Main.storyboard */,
				C12FD8A11D92859800448187 /* Assets.xcassets */,
				C12FD8A31D92859800448187 /* LaunchScreen.storyboard */,
				C12FD8A61D92859800448187 /* Info.plist */,
			);
			path = ToDoCleanArchitecture;
			sourceTree = "<group>";
		};
/* End PBXGroup section */

/* Begin PBXNativeTarget section */
		C12FD8961D92859800448187 /* ToDoCleanArchitecture */ = {
			isa = PBXNativeTarget;
			buildConfigurationList = C12FD8A91D92859800448187 /* Build configuration list for PBXNativeTarget "ToDoCleanArchitecture" */;
			buildPhases = (
				C12FD8931D92859800448187 /* Sources */,
				C12FD8941D92859800448187 /* Frameworks */,
				C12FD8951D92859800448187 /* Resources */,
			);
			buildRules = (
			);
			dependencies = (
			);
			name = ToDoCleanArchitecture;
			productName = ToDoCleanArchitecture;
			productReference = C12FD8971D92859800448187 /* ToDoCleanArchitecture.app */;
			productType = "com.apple.product-type.application";
		};
/* End PBXNativeTarget section */

/* Begin PBXProject section */
		C12FD88F1D92859800448187 /* Project object */ = {
			isa = PBXProject;
			attributes = {
				LastSwiftUpdateCheck = 0800;
				LastUpgradeCheck = 0800;
				ORGANIZATIONNAME = Swifter;
				TargetAttributes = {
					C12FD8961D92859800448187 = {
						CreatedOnToolsVersion = 8.0;
						DevelopmentTeam = 76GD5S4XMC;
						ProvisioningStyle = Automatic;
					};
				};
			};
			buildConfigurationList = C12FD8921D92859800448187 /* Build configuration list for PBXProject "ToDoCleanArchitecture" */;
			compatibilityVersion = "Xcode 3.2";
			developmentRegion = English;
			hasScannedForEncodings = 0;
			knownRegions = (
				en,
				Base,
			);
			mainGroup = C12FD88E1D92859800448187;
			productRefGroup = C12FD8981D92859800448187 /* Products */;
			projectDirPath = "";
			projectRoot = "";
			targets = (
				C12FD8961D92859800448187 /* ToDoCleanArchitecture */,
			);
		};
/* End PBXProject section */

/* Begin PBXResourcesBuildPhase section */
		C12FD8951D92859800448187 /* Resources */ = {
			isa = PBXResourcesBuildPhase;
			buildActionMask = 2147483647;
			files = (
				C12FD8A51D92859800448187 /* LaunchScreen.storyboard in Resources */,
				C12FD8A21D92859800448187 /* Assets.xcassets in Resources */,
				C12FD8A01D92859800448187 /* Main.storyboard in Resources */,
			);
			runOnlyForDeploymentPostprocessing = 0;
		};
/* End PBXResourcesBuildPhase section */

/* Begin PBXSourcesBuildPhase section */
		C12FD8931D92859800448187 /* Sources */ = {
			isa = PBXSourcesBuildPhase;
			buildActionMask = 2147483647;
			files = (
				C12FD89D1D92859800448187 /* ViewController.swift in Sources */,
				C12FD89B1D92859800448187 /* AppDelegate.swift in Sources */,
			);
			runOnlyForDeploymentPostprocessing = 0;
		};
/* End PBXSourcesBuildPhase section */

/* Begin PBXVariantGroup section */
		C12FD89E1D92859800448187 /* Main.storyboard */ = {
			isa = PBXVariantGroup;
			children = (
				C12FD89F1D92859800448187 /* Base */,
			);
			name = Main.storyboard;
			sourceTree = "<group>";
		};
		C12FD8A31D92859800448187 /* LaunchScreen.storyboard */ = {
			isa = PBXVariantGroup;
			children = (
				C12FD8A41D92859800448187 /* Base */,
			);
			name = LaunchScreen.storyboard;
			sourceTree = "<group>";
		};
/* End PBXVariantGroup section */

/* Begin XCBuildConfiguration section */
		C12FD8A71D92859800448187 /* Debug */ = {
			isa = XCBuildConfiguration;
			buildSettings = {
				ALWAYS_SEARCH_USER_PATHS = NO;
				CLANG_ANALYZER_NONNULL = YES;
				CLANG_CXX_LANGUAGE_STANDARD = "gnu++0x";
				CLANG_CXX_LIBRARY = "libc++";
				CLANG_ENABLE_MODULES = YES;
				CLANG_ENABLE_OBJC_ARC = YES;
				CLANG_WARN_BOOL_CONVERSION = YES;
				CLANG_WARN_CONSTANT_CONVERSION = YES;
				CLANG_WARN_DIRECT_OBJC_ISA_USAGE = YES_ERROR;
				CLANG_WARN_DOCUMENTATION_COMMENTS = YES;
				CLANG_WARN_EMPTY_BODY = YES;
				CLANG_WARN_ENUM_CONVERSION = YES;
				CLANG_WARN_INFINITE_RECURSION = YES;
				CLANG_WARN_INT_CONVERSION = YES;
				CLANG_WARN_OBJC_ROOT_CLASS = YES_ERROR;
				CLANG_WARN_SUSPICIOUS_MOVES = YES;
				CLANG_WARN_UNREACHABLE_CODE = YES;
				CLANG_WARN__DUPLICATE_METHOD_MATCH = YES;
				"CODE_SIGN_IDENTITY[sdk=iphoneos*]" = "iPhone Developer";
				COPY_PHASE_STRIP = NO;
				DEBUG_INFORMATION_FORMAT = dwarf;
				ENABLE_STRICT_OBJC_MSGSEND = YES;
				ENABLE_TESTABILITY = YES;
				GCC_C_LANGUAGE_STANDARD = gnu99;
				GCC_DYNAMIC_NO_PIC = NO;
				GCC_NO_COMMON_BLOCKS = YES;
				GCC_OPTIMIZATION_LEVEL = 0;
				GCC_PREPROCESSOR_DEFINITIONS = (
					"DEBUG=1",
					"$(inherited)",
				);
				GCC_WARN_64_TO_32_BIT_CONVERSION = YES;
				GCC_WARN_ABOUT_RETURN_TYPE = YES_ERROR;
				GCC_WARN_UNDECLARED_SELECTOR = YES;
				GCC_WARN_UNINITIALIZED_AUTOS = YES_AGGRESSIVE;
				GCC_WARN_UNUSED_FUNCTION = YES;
				GCC_WARN_UNUSED_VARIABLE = YES;
				IPHONEOS_DEPLOYMENT_TARGET = 10.0;
				MTL_ENABLE_DEBUG_INFO = YES;
				ONLY_ACTIVE_ARCH = YES;
				SDKROOT = iphoneos;
				SWIFT_ACTIVE_COMPILATION_CONDITIONS = DEBUG;
				SWIFT_OPTIMIZATION_LEVEL = "-Onone";
				TARGETED_DEVICE_FAMILY = "1,2";
			};
			name = Debug;
		};
		C12FD8A81D92859800448187 /* Release */ = {
			isa = XCBuildConfiguration;
			buildSettings = {
				ALWAYS_SEARCH_USER_PATHS = NO;
				CLANG_ANALYZER_NONNULL = YES;
				CLANG_CXX_LANGUAGE_STANDARD = "gnu++0x";
				CLANG_CXX_LIBRARY = "libc++";
				CLANG_ENABLE_MODULES = YES;
				CLANG_ENABLE_OBJC_ARC = YES;
				CLANG_WARN_BOOL_CONVERSION = YES;
				CLANG_WARN_CONSTANT_CONVERSION = YES;
				CLANG_WARN_DIRECT_OBJC_ISA_USAGE = YES_ERROR;
				CLANG_WARN_DOCUMENTATION_COMMENTS = YES;
				CLANG_WARN_EMPTY_BODY = YES;
				CLANG_WARN_ENUM_CONVERSION = YES;
				CLANG_WARN_INFINITE_RECURSION = YES;
				CLANG_WARN_INT_CONVERSION = YES;
				CLANG_WARN_OBJC_ROOT_CLASS = YES_ERROR;
				CLANG_WARN_SUSPICIOUS_MOVES = YES;
				CLANG_WARN_UNREACHABLE_CODE = YES;
				CLANG_WARN__DUPLICATE_METHOD_MATCH = YES;
				"CODE_SIGN_IDENTITY[sdk=iphoneos*]" = "iPhone Developer";
				COPY_PHASE_STRIP = NO;
				DEBUG_INFORMATION_FORMAT = "dwarf-with-dsym";
				ENABLE_NS_ASSERTIONS = NO;
				ENABLE_STRICT_OBJC_MSGSEND = YES;
				GCC_C_LANGUAGE_STANDARD = gnu99;
				GCC_NO_COMMON_BLOCKS = YES;
				GCC_WARN_64_TO_32_BIT_CONVERSION = YES;
				GCC_WARN_ABOUT_RETURN_TYPE = YES_ERROR;
				GCC_WARN_UNDECLARED_SELECTOR = YES;
				GCC_WARN_UNINITIALIZED_AUTOS = YES_AGGRESSIVE;
				GCC_WARN_UNUSED_FUNCTION = YES;
				GCC_WARN_UNUSED_VARIABLE = YES;
				IPHONEOS_DEPLOYMENT_TARGET = 10.0;
				MTL_ENABLE_DEBUG_INFO = NO;
				SDKROOT = iphoneos;
				SWIFT_OPTIMIZATION_LEVEL = "-Owholemodule";
				TARGETED_DEVICE_FAMILY = "1,2";
				VALIDATE_PRODUCT = YES;
			};
			name = Release;
		};
		C12FD8AA1D92859800448187 /* Debug */ = {
			isa = XCBuildConfiguration;
			buildSettings = {
				ASSETCATALOG_COMPILER_APPICON_NAME = AppIcon;
				DEVELOPMENT_TEAM = 76GD5S4XMC;
				INFOPLIST_FILE = ToDoCleanArchitecture/Info.plist;
				LD_RUNPATH_SEARCH_PATHS = "$(inherited) @executable_path/Frameworks";
				PRODUCT_BUNDLE_IDENTIFIER = kr.swifter.ToDoCleanArchitecture;
				PRODUCT_NAME = "$(TARGET_NAME)";
				SWIFT_VERSION = 3.0;
			};
			name = Debug;
		};
		C12FD8AB1D92859800448187 /* Release */ = {
			isa = XCBuildConfiguration;
			buildSettings = {
				ASSETCATALOG_COMPILER_APPICON_NAME = AppIcon;
				DEVELOPMENT_TEAM = 76GD5S4XMC;
				INFOPLIST_FILE = ToDoCleanArchitecture/Info.plist;
				LD_RUNPATH_SEARCH_PATHS = "$(inherited) @executable_path/Frameworks";
				PRODUCT_BUNDLE_IDENTIFIER = kr.swifter.ToDoCleanArchitecture;
				PRODUCT_NAME = "$(TARGET_NAME)";
				SWIFT_VERSION = 3.0;
			};
			name = Release;
		};
/* End XCBuildConfiguration section */

/* Begin XCConfigurationList section */
		C12FD8921D92859800448187 /* Build configuration list for PBXProject "ToDoCleanArchitecture" */ = {
			isa = XCConfigurationList;
			buildConfigurations = (
				C12FD8A71D92859800448187 /* Debug */,
				C12FD8A81D92859800448187 /* Release */,
			);
			defaultConfigurationIsVisible = 0;
			defaultConfigurationName = Release;
		};
		C12FD8A91D92859800448187 /* Build configuration list for PBXNativeTarget "ToDoCleanArchitecture" */ = {
			isa = XCConfigurationList;
			buildConfigurations = (
				C12FD8AA1D92859800448187 /* Debug */,
				C12FD8AB1D92859800448187 /* Release */,
			);
			defaultConfigurationIsVisible = 0;
		};
/* End XCConfigurationList section */
	};
	rootObject = C12FD88F1D92859800448187 /* Project object */;
}
